
Microsoft Visual Studio Solution File, Format Version 12.00
# Visual Studio 15
VisualStudioVersion = 15.0.26124.0
MinimumVisualStudioVersion = 15.0.26124.0
Project("{FAE04EC0-301F-11D3-BF4B-00C04F79EFBC}") = "Domain", "Domain\Domain.csproj", "{6313480F-0704-4B52-976B-3EB76F19EA0E}"
EndProject
Project("{FAE04EC0-301F-11D3-BF4B-00C04F79EFBC}") = "Persistence", "Persistence\Persistence.csproj", "{3948BFBC-A60F-4C66-8C36-572C0EABB24D}"
EndProject
Project("{FAE04EC0-301F-11D3-BF4B-00C04F79EFBC}") = "API", "API\API.csproj", "{C60CF903-046E-459B-B15D-23D1B6931C70}"
EndProject
Global
	GlobalSection(SolutionConfigurationPlatforms) = preSolution
		Debug|Any CPU = Debug|Any CPU
		Debug|x64 = Debug|x64
		Debug|x86 = Debug|x86
		Release|Any CPU = Release|Any CPU
		Release|x64 = Release|x64
		Release|x86 = Release|x86
	EndGlobalSection
	GlobalSection(SolutionProperties) = preSolution
		HideSolutionNode = FALSE
	EndGlobalSection
	GlobalSection(ProjectConfigurationPlatforms) = postSolution
		{6313480F-0704-4B52-976B-3EB76F19EA0E}.Debug|Any CPU.ActiveCfg = Debug|Any CPU
		{6313480F-0704-4B52-976B-3EB76F19EA0E}.Debug|Any CPU.Build.0 = Debug|Any CPU
		{6313480F-0704-4B52-976B-3EB76F19EA0E}.Debug|x64.ActiveCfg = Debug|Any CPU
		{6313480F-0704-4B52-976B-3EB76F19EA0E}.Debug|x64.Build.0 = Debug|Any CPU
		{6313480F-0704-4B52-976B-3EB76F19EA0E}.Debug|x86.ActiveCfg = Debug|Any CPU
		{6313480F-0704-4B52-976B-3EB76F19EA0E}.Debug|x86.Build.0 = Debug|Any CPU
		{6313480F-0704-4B52-976B-3EB76F19EA0E}.Release|Any CPU.ActiveCfg = Release|Any CPU
		{6313480F-0704-4B52-976B-3EB76F19EA0E}.Release|Any CPU.Build.0 = Release|Any CPU
		{6313480F-0704-4B52-976B-3EB76F19EA0E}.Release|x64.ActiveCfg = Release|Any CPU
		{6313480F-0704-4B52-976B-3EB76F19EA0E}.Release|x64.Build.0 = Release|Any CPU
		{6313480F-0704-4B52-976B-3EB76F19EA0E}.Release|x86.ActiveCfg = Release|Any CPU
		{6313480F-0704-4B52-976B-3EB76F19EA0E}.Release|x86.Build.0 = Release|Any CPU
		{3948BFBC-A60F-4C66-8C36-572C0EABB24D}.Debug|Any CPU.ActiveCfg = Debug|Any CPU
		{3948BFBC-A60F-4C66-8C36-572C0EABB24D}.Debug|Any CPU.Build.0 = Debug|Any CPU
		{3948BFBC-A60F-4C66-8C36-572C0EABB24D}.Debug|x64.ActiveCfg = Debug|Any CPU
		{3948BFBC-A60F-4C66-8C36-572C0EABB24D}.Debug|x64.Build.0 = Debug|Any CPU
		{3948BFBC-A60F-4C66-8C36-572C0EABB24D}.Debug|x86.ActiveCfg = Debug|Any CPU
		{3948BFBC-A60F-4C66-8C36-572C0EABB24D}.Debug|x86.Build.0 = Debug|Any CPU
		{3948BFBC-A60F-4C66-8C36-572C0EABB24D}.Release|Any CPU.ActiveCfg = Release|Any CPU
		{3948BFBC-A60F-4C66-8C36-572C0EABB24D}.Release|Any CPU.Build.0 = Release|Any CPU
		{3948BFBC-A60F-4C66-8C36-572C0EABB24D}.Release|x64.ActiveCfg = Release|Any CPU
		{3948BFBC-A60F-4C66-8C36-572C0EABB24D}.Release|x64.Build.0 = Release|Any CPU
		{3948BFBC-A60F-4C66-8C36-572C0EABB24D}.Release|x86.ActiveCfg = Release|Any CPU
		{3948BFBC-A60F-4C66-8C36-572C0EABB24D}.Release|x86.Build.0 = Release|Any CPU
		{C60CF903-046E-459B-B15D-23D1B6931C70}.Debug|Any CPU.ActiveCfg = Debug|Any CPU
		{C60CF903-046E-459B-B15D-23D1B6931C70}.Debug|Any CPU.Build.0 = Debug|Any CPU
		{C60CF903-046E-459B-B15D-23D1B6931C70}.Debug|x64.ActiveCfg = Debug|Any CPU
		{C60CF903-046E-459B-B15D-23D1B6931C70}.Debug|x64.Build.0 = Debug|Any CPU
		{C60CF903-046E-459B-B15D-23D1B6931C70}.Debug|x86.ActiveCfg = Debug|Any CPU
		{C60CF903-046E-459B-B15D-23D1B6931C70}.Debug|x86.Build.0 = Debug|Any CPU
		{C60CF903-046E-459B-B15D-23D1B6931C70}.Release|Any CPU.ActiveCfg = Release|Any CPU
		{C60CF903-046E-459B-B15D-23D1B6931C70}.Release|Any CPU.Build.0 = Release|Any CPU
		{C60CF903-046E-459B-B15D-23D1B6931C70}.Release|x64.ActiveCfg = Release|Any CPU
		{C60CF903-046E-459B-B15D-23D1B6931C70}.Release|x64.Build.0 = Release|Any CPU
		{C60CF903-046E-459B-B15D-23D1B6931C70}.Release|x86.ActiveCfg = Release|Any CPU
		{C60CF903-046E-459B-B15D-23D1B6931C70}.Release|x86.Build.0 = Release|Any CPU
	EndGlobalSection
EndGlobal
